
Microsoft Visual Studio Solution File, Format Version 12.00
# Visual Studio Version 17
VisualStudioVersion = 17.7.34031.279
MinimumVisualStudioVersion = 10.0.40219.1
Project("{FAE04EC0-301F-11D3-BF4B-00C04F79EFBC}") = "DemoEx18032024", "DemoEx18032024.csproj", "{87710287-42BF-44B1-B738-9F0A1FA39694}"
EndProject
Global
	GlobalSection(SolutionConfigurationPlatforms) = preSolution
		Debug|Any CPU = Debug|Any CPU
		Release|Any CPU = Release|Any CPU
	EndGlobalSection
	GlobalSection(ProjectConfigurationPlatforms) = postSolution
		{87710287-42BF-44B1-B738-9F0A1FA39694}.Debug|Any CPU.ActiveCfg = Debug|Any CPU
		{87710287-42BF-44B1-B738-9F0A1FA39694}.Debug|Any CPU.Build.0 = Debug|Any CPU
		{87710287-42BF-44B1-B738-9F0A1FA39694}.Release|Any CPU.ActiveCfg = Release|Any CPU
		{87710287-42BF-44B1-B738-9F0A1FA39694}.Release|Any CPU.Build.0 = Release|Any CPU
	EndGlobalSection
	GlobalSection(SolutionProperties) = preSolution
		HideSolutionNode = FALSE
	EndGlobalSection
	GlobalSection(ExtensibilityGlobals) = postSolution
		SolutionGuid = {F9B9D95E-E9ED-4A36-B0F8-56F03F3DF97A}
	EndGlobalSection
EndGlobal
